
Microsoft Visual Studio Solution File, Format Version 12.00
# Visual Studio Version 17
VisualStudioVersion = 17.14.36717.8
MinimumVisualStudioVersion = 10.0.40219.1
Project("{FAE04EC0-301F-11D3-BF4B-00C04F79EFBC}") = "Dsl", "Dsl\Dsl.csproj", "{17215E51-AC85-4B0C-9C8C-01D16DDE4F3A}"
EndProject
Project("{FAE04EC0-301F-11D3-BF4B-00C04F79EFBC}") = "DslPackage", "DslPackage\DslPackage.csproj", "{001EBBA5-18A8-4837-9512-B59055197384}"
EndProject
Project("{FAE04EC0-301F-11D3-BF4B-00C04F79EFBC}") = "Debugging", "Debugging\Debugging.csproj", "{EB7E64EC-9351-4C90-96C1-F51EB381851F}"
	ProjectSection(ProjectDependencies) = postProject
		{001EBBA5-18A8-4837-9512-B59055197384} = {001EBBA5-18A8-4837-9512-B59055197384}
		{17215E51-AC85-4B0C-9C8C-01D16DDE4F3A} = {17215E51-AC85-4B0C-9C8C-01D16DDE4F3A}
	EndProjectSection
EndProject
Global
	GlobalSection(SolutionConfigurationPlatforms) = preSolution
		Debug|Any CPU = Debug|Any CPU
		Release|Any CPU = Release|Any CPU
	EndGlobalSection
	GlobalSection(ProjectConfigurationPlatforms) = postSolution
		{17215E51-AC85-4B0C-9C8C-01D16DDE4F3A}.Debug|Any CPU.ActiveCfg = Debug|Any CPU
		{17215E51-AC85-4B0C-9C8C-01D16DDE4F3A}.Debug|Any CPU.Build.0 = Debug|Any CPU
		{17215E51-AC85-4B0C-9C8C-01D16DDE4F3A}.Release|Any CPU.ActiveCfg = Release|Any CPU
		{17215E51-AC85-4B0C-9C8C-01D16DDE4F3A}.Release|Any CPU.Build.0 = Release|Any CPU
		{001EBBA5-18A8-4837-9512-B59055197384}.Debug|Any CPU.ActiveCfg = Debug|Any CPU
		{001EBBA5-18A8-4837-9512-B59055197384}.Debug|Any CPU.Build.0 = Debug|Any CPU
		{001EBBA5-18A8-4837-9512-B59055197384}.Release|Any CPU.ActiveCfg = Release|Any CPU
		{001EBBA5-18A8-4837-9512-B59055197384}.Release|Any CPU.Build.0 = Release|Any CPU
		{EB7E64EC-9351-4C90-96C1-F51EB381851F}.Debug|Any CPU.ActiveCfg = Debug|Any CPU
		{EB7E64EC-9351-4C90-96C1-F51EB381851F}.Debug|Any CPU.Build.0 = Debug|Any CPU
		{EB7E64EC-9351-4C90-96C1-F51EB381851F}.Release|Any CPU.ActiveCfg = Release|Any CPU
		{EB7E64EC-9351-4C90-96C1-F51EB381851F}.Release|Any CPU.Build.0 = Release|Any CPU
	EndGlobalSection
	GlobalSection(SolutionProperties) = preSolution
		HideSolutionNode = FALSE
	EndGlobalSection
	GlobalSection(ExtensibilityGlobals) = postSolution
		SolutionGuid = {379A84B6-A1C9-43ED-860E-3B574E748057}
	EndGlobalSection
EndGlobal
